
Microsoft Visual Studio Solution File, Format Version 12.00
# Visual Studio 2013
VisualStudioVersion = 12.0.21005.1
MinimumVisualStudioVersion = 10.0.40219.1
Project("{FAE04EC0-301F-11D3-BF4B-00C04F79EFBC}") = "Concept of CLASS", "Concept of CLASS\Concept of CLASS.csproj", "{268E3FBD-0763-4962-AD4D-00725A40E4FB}"
EndProject
Global
	GlobalSection(SolutionConfigurationPlatforms) = preSolution
		Debug|Any CPU = Debug|Any CPU
		Release|Any CPU = Release|Any CPU
	EndGlobalSection
	GlobalSection(ProjectConfigurationPlatforms) = postSolution
		{268E3FBD-0763-4962-AD4D-00725A40E4FB}.Debug|Any CPU.ActiveCfg = Debug|Any CPU
		{268E3FBD-0763-4962-AD4D-00725A40E4FB}.Debug|Any CPU.Build.0 = Debug|Any CPU
		{268E3FBD-0763-4962-AD4D-00725A40E4FB}.Release|Any CPU.ActiveCfg = Release|Any CPU
		{268E3FBD-0763-4962-AD4D-00725A40E4FB}.Release|Any CPU.Build.0 = Release|Any CPU
	EndGlobalSection
	GlobalSection(SolutionProperties) = preSolution
		HideSolutionNode = FALSE
	EndGlobalSection
EndGlobal
